hash: e6fd2b593907115f05882ef07d976bd82304cb3a37dfdb2d0a29ef7ffcce567f
updated: 2017-09-22T22:41:23.451112095+08:00
imports:
- name: github.com/alecthomas/template
  version: a0175ee3bccc567396460bf5acd36800cb10c49c
  subpackages:
  - parse
- name: github.com/alecthomas/units
  version: 2efee857e7cfd4f3d0138cc3cbb1b4966962b93a
- name: github.com/BurntSushi/toml
  version: b26d9c308763d68093482582cea63d69be07a0f0
- name: github.com/rjeczalik/notify
  version: 88a54d914928e1faebb1c2195605dc87bd98dc27
- name: golang.org/x/sys/unix
  version: 002cbb5f952456d0c50e0d2aff17ea5eca716979
- name: gopkg.in/alecthomas/kingpin.v2
  version: 1087e65c9441605df944fb12c33f0fe7072d18ca
testImports: []
